
Microsoft Visual Studio Solution File, Format Version 12.00
# Visual Studio Version 17
VisualStudioVersion = 17.0.32112.339
MinimumVisualStudioVersion = 10.0.40219.1
Project("{9A19103F-16F7-4668-BE54-9A1E7A4F7556}") = "GeradorDeTeste.WinFormsApp", "GeradorDeTeste.WinFormsApp\GeradorDeTeste.WinFormsApp.csproj", "{2E3AB63D-B2D8-4CA5-AFB4-7181F1A5D4C9}"
EndProject
Project("{2150E333-8FDC-42A3-9474-1A3956D46DE8}") = "1.Apresentacao", "1.Apresentacao", "{474D60FB-541D-46D3-A9E1-079CDD13CE31}"
EndProject
Project("{2150E333-8FDC-42A3-9474-1A3956D46DE8}") = "2.Dominio", "2.Dominio", "{359C87D4-5640-45BC-BD4C-774776651EBB}"
EndProject
Project("{2150E333-8FDC-42A3-9474-1A3956D46DE8}") = "3.Infra", "3.Infra", "{F0BB89C4-3AE6-41D5-BDD3-477F447FE5C0}"
EndProject
Project("{FAE04EC0-301F-11D3-BF4B-00C04F79EFBC}") = "GeradorDeTeste.Dominio", "GeradorDeTeste.Dominio\GeradorDeTeste.Dominio.csproj", "{B0256C6B-579B-420E-971B-51DED144AD34}"
EndProject
Project("{FAE04EC0-301F-11D3-BF4B-00C04F79EFBC}") = "GeradorDeTestes.Infra", "GeradorDeTestes.Infra\GeradorDeTestes.Infra.csproj", "{0B3FF0BC-9CC3-47CF-9FA8-AFEB1EEA65A0}"
EndProject
Global
	GlobalSection(SolutionConfigurationPlatforms) = preSolution
		Debug|Any CPU = Debug|Any CPU
		Release|Any CPU = Release|Any CPU
	EndGlobalSection
	GlobalSection(ProjectConfigurationPlatforms) = postSolution
		{2E3AB63D-B2D8-4CA5-AFB4-7181F1A5D4C9}.Debug|Any CPU.ActiveCfg = Debug|Any CPU
		{2E3AB63D-B2D8-4CA5-AFB4-7181F1A5D4C9}.Debug|Any CPU.Build.0 = Debug|Any CPU
		{2E3AB63D-B2D8-4CA5-AFB4-7181F1A5D4C9}.Release|Any CPU.ActiveCfg = Release|Any CPU
		{2E3AB63D-B2D8-4CA5-AFB4-7181F1A5D4C9}.Release|Any CPU.Build.0 = Release|Any CPU
		{B0256C6B-579B-420E-971B-51DED144AD34}.Debug|Any CPU.ActiveCfg = Debug|Any CPU
		{B0256C6B-579B-420E-971B-51DED144AD34}.Debug|Any CPU.Build.0 = Debug|Any CPU
		{B0256C6B-579B-420E-971B-51DED144AD34}.Release|Any CPU.ActiveCfg = Release|Any CPU
		{B0256C6B-579B-420E-971B-51DED144AD34}.Release|Any CPU.Build.0 = Release|Any CPU
		{0B3FF0BC-9CC3-47CF-9FA8-AFEB1EEA65A0}.Debug|Any CPU.ActiveCfg = Debug|Any CPU
		{0B3FF0BC-9CC3-47CF-9FA8-AFEB1EEA65A0}.Debug|Any CPU.Build.0 = Debug|Any CPU
		{0B3FF0BC-9CC3-47CF-9FA8-AFEB1EEA65A0}.Release|Any CPU.ActiveCfg = Release|Any CPU
		{0B3FF0BC-9CC3-47CF-9FA8-AFEB1EEA65A0}.Release|Any CPU.Build.0 = Release|Any CPU
	EndGlobalSection
	GlobalSection(SolutionProperties) = preSolution
		HideSolutionNode = FALSE
	EndGlobalSection
	GlobalSection(NestedProjects) = preSolution
		{2E3AB63D-B2D8-4CA5-AFB4-7181F1A5D4C9} = {474D60FB-541D-46D3-A9E1-079CDD13CE31}
		{B0256C6B-579B-420E-971B-51DED144AD34} = {359C87D4-5640-45BC-BD4C-774776651EBB}
		{0B3FF0BC-9CC3-47CF-9FA8-AFEB1EEA65A0} = {F0BB89C4-3AE6-41D5-BDD3-477F447FE5C0}
	EndGlobalSection
	GlobalSection(ExtensibilityGlobals) = postSolution
		SolutionGuid = {2FFE594E-F048-4C7E-999E-17609A992191}
	EndGlobalSection
EndGlobal
